
Microsoft Visual Studio Solution File, Format Version 12.00
Project("{2150E333-8FDC-42A3-9474-1A3956D46DE8}") = "Application", "Application", "{36BCF6A2-3A3C-4E17-A75E-F1D0A2E1389B}"
EndProject
Project("{FAE04EC0-301F-11D3-BF4B-00C04F79EFBC}") = "DS.Application.CQRS", "Source\Application\DS.Application.CQRS\DS.Application.CQRS.csproj", "{BFECC673-8D45-4907-9E2B-8010DC30E892}"
EndProject
Project("{FAE04EC0-301F-11D3-BF4B-00C04F79EFBC}") = "DS.Application.DTOs", "Source\Application\DS.Application.DTOs\DS.Application.DTOs.csproj", "{71DF030C-544A-4DEC-8213-1DDAA3CCC276}"
EndProject
Project("{2150E333-8FDC-42A3-9474-1A3956D46DE8}") = "Domain", "Domain", "{811D9B10-4B2D-4313-B50F-45E3D0B0B80F}"
EndProject
Project("{FAE04EC0-301F-11D3-BF4B-00C04F79EFBC}") = "DS.Common", "Source\Domain\DS.Common\DS.Common.csproj", "{9DFB516C-DE84-4FF1-AC19-EF3D05F2BDF3}"
EndProject
Project("{FAE04EC0-301F-11D3-BF4B-00C04F79EFBC}") = "DS.Domain", "Source\Domain\DS.Domain\DS.Domain.csproj", "{F86A4080-7FC1-4782-BAB8-6EE299A4EEB0}"
EndProject
Project("{2150E333-8FDC-42A3-9474-1A3956D46DE8}") = "Infrastructure", "Infrastructure", "{8B007233-6B6A-4219-9275-D424CC7AD2BD}"
EndProject
Project("{FAE04EC0-301F-11D3-BF4B-00C04F79EFBC}") = "DS.DataAccess", "Source\Infrastructure\DS.DataAccess\DS.DataAccess.csproj", "{5FD16A1B-F5A1-45C2-9F23-F5FBF4DDED06}"
EndProject
Project("{2150E333-8FDC-42A3-9474-1A3956D46DE8}") = "Tests", "Tests", "{9F30F531-91AA-498B-B136-7B2211FB4703}"
EndProject
Project("{FAE04EC0-301F-11D3-BF4B-00C04F79EFBC}") = "DS.Domain.Tests", "Source\Tests\DS.Domain.Tests\DS.Domain.Tests.csproj", "{0101BB05-A1C3-4EEE-8988-3A8B052890A7}"
EndProject
Project("{2150E333-8FDC-42A3-9474-1A3956D46DE8}") = "Server", "Server", "{39E5EFEC-2E50-46B1-A1C6-9F74800B6A82}"
EndProject
Project("{FAE04EC0-301F-11D3-BF4B-00C04F79EFBC}") = "DS.Music.WebApi", "Source\Server\DS.Music.WebApi\DS.Music.WebApi.csproj", "{153ECA1E-0705-4AED-ABC3-3BB1BF0DA07B}"
EndProject
Project("{FAE04EC0-301F-11D3-BF4B-00C04F79EFBC}") = "DS.Application.Validators", "Source\Application\DS.Application.Validators\DS.Application.Validators.csproj", "{5ACF5B26-FDD6-423F-9726-91310A66BE5C}"
EndProject
Global
	GlobalSection(SolutionConfigurationPlatforms) = preSolution
		Debug|Any CPU = Debug|Any CPU
		Release|Any CPU = Release|Any CPU
	EndGlobalSection
	GlobalSection(NestedProjects) = preSolution
		{BFECC673-8D45-4907-9E2B-8010DC30E892} = {36BCF6A2-3A3C-4E17-A75E-F1D0A2E1389B}
		{71DF030C-544A-4DEC-8213-1DDAA3CCC276} = {36BCF6A2-3A3C-4E17-A75E-F1D0A2E1389B}
		{9DFB516C-DE84-4FF1-AC19-EF3D05F2BDF3} = {811D9B10-4B2D-4313-B50F-45E3D0B0B80F}
		{F86A4080-7FC1-4782-BAB8-6EE299A4EEB0} = {811D9B10-4B2D-4313-B50F-45E3D0B0B80F}
		{5FD16A1B-F5A1-45C2-9F23-F5FBF4DDED06} = {8B007233-6B6A-4219-9275-D424CC7AD2BD}
		{0101BB05-A1C3-4EEE-8988-3A8B052890A7} = {9F30F531-91AA-498B-B136-7B2211FB4703}
		{153ECA1E-0705-4AED-ABC3-3BB1BF0DA07B} = {39E5EFEC-2E50-46B1-A1C6-9F74800B6A82}
		{5ACF5B26-FDD6-423F-9726-91310A66BE5C} = {36BCF6A2-3A3C-4E17-A75E-F1D0A2E1389B}
	EndGlobalSection
	GlobalSection(ProjectConfigurationPlatforms) = postSolution
		{BFECC673-8D45-4907-9E2B-8010DC30E892}.Debug|Any CPU.ActiveCfg = Debug|Any CPU
		{BFECC673-8D45-4907-9E2B-8010DC30E892}.Debug|Any CPU.Build.0 = Debug|Any CPU
		{BFECC673-8D45-4907-9E2B-8010DC30E892}.Release|Any CPU.ActiveCfg = Release|Any CPU
		{BFECC673-8D45-4907-9E2B-8010DC30E892}.Release|Any CPU.Build.0 = Release|Any CPU
		{71DF030C-544A-4DEC-8213-1DDAA3CCC276}.Debug|Any CPU.ActiveCfg = Debug|Any CPU
		{71DF030C-544A-4DEC-8213-1DDAA3CCC276}.Debug|Any CPU.Build.0 = Debug|Any CPU
		{71DF030C-544A-4DEC-8213-1DDAA3CCC276}.Release|Any CPU.ActiveCfg = Release|Any CPU
		{71DF030C-544A-4DEC-8213-1DDAA3CCC276}.Release|Any CPU.Build.0 = Release|Any CPU
		{9DFB516C-DE84-4FF1-AC19-EF3D05F2BDF3}.Debug|Any CPU.ActiveCfg = Debug|Any CPU
		{9DFB516C-DE84-4FF1-AC19-EF3D05F2BDF3}.Debug|Any CPU.Build.0 = Debug|Any CPU
		{9DFB516C-DE84-4FF1-AC19-EF3D05F2BDF3}.Release|Any CPU.ActiveCfg = Release|Any CPU
		{9DFB516C-DE84-4FF1-AC19-EF3D05F2BDF3}.Release|Any CPU.Build.0 = Release|Any CPU
		{F86A4080-7FC1-4782-BAB8-6EE299A4EEB0}.Debug|Any CPU.ActiveCfg = Debug|Any CPU
		{F86A4080-7FC1-4782-BAB8-6EE299A4EEB0}.Debug|Any CPU.Build.0 = Debug|Any CPU
		{F86A4080-7FC1-4782-BAB8-6EE299A4EEB0}.Release|Any CPU.ActiveCfg = Release|Any CPU
		{F86A4080-7FC1-4782-BAB8-6EE299A4EEB0}.Release|Any CPU.Build.0 = Release|Any CPU
		{5FD16A1B-F5A1-45C2-9F23-F5FBF4DDED06}.Debug|Any CPU.ActiveCfg = Debug|Any CPU
		{5FD16A1B-F5A1-45C2-9F23-F5FBF4DDED06}.Debug|Any CPU.Build.0 = Debug|Any CPU
		{5FD16A1B-F5A1-45C2-9F23-F5FBF4DDED06}.Release|Any CPU.ActiveCfg = Release|Any CPU
		{5FD16A1B-F5A1-45C2-9F23-F5FBF4DDED06}.Release|Any CPU.Build.0 = Release|Any CPU
		{0101BB05-A1C3-4EEE-8988-3A8B052890A7}.Debug|Any CPU.ActiveCfg = Debug|Any CPU
		{0101BB05-A1C3-4EEE-8988-3A8B052890A7}.Debug|Any CPU.Build.0 = Debug|Any CPU
		{0101BB05-A1C3-4EEE-8988-3A8B052890A7}.Release|Any CPU.ActiveCfg = Release|Any CPU
		{0101BB05-A1C3-4EEE-8988-3A8B052890A7}.Release|Any CPU.Build.0 = Release|Any CPU
		{153ECA1E-0705-4AED-ABC3-3BB1BF0DA07B}.Debug|Any CPU.ActiveCfg = Debug|Any CPU
		{153ECA1E-0705-4AED-ABC3-3BB1BF0DA07B}.Debug|Any CPU.Build.0 = Debug|Any CPU
		{153ECA1E-0705-4AED-ABC3-3BB1BF0DA07B}.Release|Any CPU.ActiveCfg = Release|Any CPU
		{153ECA1E-0705-4AED-ABC3-3BB1BF0DA07B}.Release|Any CPU.Build.0 = Release|Any CPU
		{5ACF5B26-FDD6-423F-9726-91310A66BE5C}.Debug|Any CPU.ActiveCfg = Debug|Any CPU
		{5ACF5B26-FDD6-423F-9726-91310A66BE5C}.Debug|Any CPU.Build.0 = Debug|Any CPU
		{5ACF5B26-FDD6-423F-9726-91310A66BE5C}.Release|Any CPU.ActiveCfg = Release|Any CPU
		{5ACF5B26-FDD6-423F-9726-91310A66BE5C}.Release|Any CPU.Build.0 = Release|Any CPU
	EndGlobalSection
EndGlobal
