
Microsoft Visual Studio Solution File, Format Version 12.00
Project("{2150E333-8FDC-42A3-9474-1A3956D46DE8}") = "Tests", "Tests", "{7E3629C5-0170-4B00-A1C2-E50A606C9227}"
EndProject
Project("{FAE04EC0-301F-11D3-BF4B-00C04F79EFBC}") = "DS.Domain.Tests", "Tests\DS.Domain.Tests\DS.Domain.Tests.csproj", "{1D769FBA-1BAB-4342-9A6E-8B0F5C03E5BF}"
EndProject
Project("{2150E333-8FDC-42A3-9474-1A3956D46DE8}") = "Modules", "Modules", "{1873322F-0EE2-4AFF-B81A-658357D960EC}"
EndProject
Project("{2150E333-8FDC-42A3-9474-1A3956D46DE8}") = "Domain", "Domain", "{B523DB4B-6C65-44C1-97ED-ADBA1C58F8EC}"
EndProject
Project("{FAE04EC0-301F-11D3-BF4B-00C04F79EFBC}") = "DS.Common", "Domain\DS.Common\DS.Common.csproj", "{15E01351-721C-42F8-B444-9E9EBD87ECF2}"
EndProject
Project("{FAE04EC0-301F-11D3-BF4B-00C04F79EFBC}") = "DS.Domain", "Domain\DS.Domain\DS.Domain.csproj", "{03BDFCEE-CBA1-4C10-810D-C5FE7A65E17E}"
EndProject
Project("{FAE04EC0-301F-11D3-BF4B-00C04F79EFBC}") = "DS.DataAccess", "Modules\DS.DataAccess\DS.DataAccess.csproj", "{37832E5C-A5F2-4A49-A4BF-C3F5AEB26EE7}"
EndProject
Global
	GlobalSection(SolutionConfigurationPlatforms) = preSolution
		Debug|Any CPU = Debug|Any CPU
		Release|Any CPU = Release|Any CPU
	EndGlobalSection
	GlobalSection(NestedProjects) = preSolution
		{1D769FBA-1BAB-4342-9A6E-8B0F5C03E5BF} = {7E3629C5-0170-4B00-A1C2-E50A606C9227}
		{15E01351-721C-42F8-B444-9E9EBD87ECF2} = {B523DB4B-6C65-44C1-97ED-ADBA1C58F8EC}
		{03BDFCEE-CBA1-4C10-810D-C5FE7A65E17E} = {B523DB4B-6C65-44C1-97ED-ADBA1C58F8EC}
		{37832E5C-A5F2-4A49-A4BF-C3F5AEB26EE7} = {1873322F-0EE2-4AFF-B81A-658357D960EC}
	EndGlobalSection
	GlobalSection(ProjectConfigurationPlatforms) = postSolution
		{1D769FBA-1BAB-4342-9A6E-8B0F5C03E5BF}.Debug|Any CPU.ActiveCfg = Debug|Any CPU
		{1D769FBA-1BAB-4342-9A6E-8B0F5C03E5BF}.Debug|Any CPU.Build.0 = Debug|Any CPU
		{1D769FBA-1BAB-4342-9A6E-8B0F5C03E5BF}.Release|Any CPU.ActiveCfg = Release|Any CPU
		{1D769FBA-1BAB-4342-9A6E-8B0F5C03E5BF}.Release|Any CPU.Build.0 = Release|Any CPU
		{15E01351-721C-42F8-B444-9E9EBD87ECF2}.Debug|Any CPU.ActiveCfg = Debug|Any CPU
		{15E01351-721C-42F8-B444-9E9EBD87ECF2}.Debug|Any CPU.Build.0 = Debug|Any CPU
		{15E01351-721C-42F8-B444-9E9EBD87ECF2}.Release|Any CPU.ActiveCfg = Release|Any CPU
		{15E01351-721C-42F8-B444-9E9EBD87ECF2}.Release|Any CPU.Build.0 = Release|Any CPU
		{03BDFCEE-CBA1-4C10-810D-C5FE7A65E17E}.Debug|Any CPU.ActiveCfg = Debug|Any CPU
		{03BDFCEE-CBA1-4C10-810D-C5FE7A65E17E}.Debug|Any CPU.Build.0 = Debug|Any CPU
		{03BDFCEE-CBA1-4C10-810D-C5FE7A65E17E}.Release|Any CPU.ActiveCfg = Release|Any CPU
		{03BDFCEE-CBA1-4C10-810D-C5FE7A65E17E}.Release|Any CPU.Build.0 = Release|Any CPU
		{37832E5C-A5F2-4A49-A4BF-C3F5AEB26EE7}.Debug|Any CPU.ActiveCfg = Debug|Any CPU
		{37832E5C-A5F2-4A49-A4BF-C3F5AEB26EE7}.Debug|Any CPU.Build.0 = Debug|Any CPU
		{37832E5C-A5F2-4A49-A4BF-C3F5AEB26EE7}.Release|Any CPU.ActiveCfg = Release|Any CPU
		{37832E5C-A5F2-4A49-A4BF-C3F5AEB26EE7}.Release|Any CPU.Build.0 = Release|Any CPU
	EndGlobalSection
EndGlobal
